
Microsoft Visual Studio Solution File, Format Version 12.00
# Visual Studio Version 17
VisualStudioVersion = 17.11.35222.181
MinimumVisualStudioVersion = 10.0.40219.1
Project("{FAE04EC0-301F-11D3-BF4B-00C04F79EFBC}") = "Ollama_Console_HttpClient", "Ollama_HttpClient\Ollama_Console_HttpClient.csproj", "{C0AB6B9C-5DB8-44B7-8431-F70291F4C36F}"
EndProject
Project("{FAE04EC0-301F-11D3-BF4B-00C04F79EFBC}") = "DataBaseLayer", "DataBaseLayer\DataBaseLayer.csproj", "{737B208D-CDBB-492C-B10D-C4487E375644}"
EndProject
Project("{FAE04EC0-301F-11D3-BF4B-00C04F79EFBC}") = "Ollama_HTTP_Client_Factory", "Ollama_HTTP_Client_Facory\Ollama_HTTP_Client_Factory.csproj", "{4F681FA1-F072-4E76-A9F3-CE04B1CB5C80}"
EndProject
Project("{FAE04EC0-301F-11D3-BF4B-00C04F79EFBC}") = "My_Ollama_API", "My_Ollama_API\My_Ollama_API.csproj", "{45BA0999-DF72-4AD6-89A1-9E3B442F2F62}"
EndProject
Project("{FAE04EC0-301F-11D3-BF4B-00C04F79EFBC}") = "Ocelot_Gateway", "Ocelot_Gayeway\Ocelot_Gateway.csproj", "{175D4143-CAD0-4BFD-AB04-3D523D39BB5D}"
EndProject
Global
	GlobalSection(SolutionConfigurationPlatforms) = preSolution
		Debug|Any CPU = Debug|Any CPU
		Release|Any CPU = Release|Any CPU
	EndGlobalSection
	GlobalSection(ProjectConfigurationPlatforms) = postSolution
		{C0AB6B9C-5DB8-44B7-8431-F70291F4C36F}.Debug|Any CPU.ActiveCfg = Debug|Any CPU
		{C0AB6B9C-5DB8-44B7-8431-F70291F4C36F}.Debug|Any CPU.Build.0 = Debug|Any CPU
		{C0AB6B9C-5DB8-44B7-8431-F70291F4C36F}.Release|Any CPU.ActiveCfg = Release|Any CPU
		{C0AB6B9C-5DB8-44B7-8431-F70291F4C36F}.Release|Any CPU.Build.0 = Release|Any CPU
		{737B208D-CDBB-492C-B10D-C4487E375644}.Debug|Any CPU.ActiveCfg = Debug|Any CPU
		{737B208D-CDBB-492C-B10D-C4487E375644}.Debug|Any CPU.Build.0 = Debug|Any CPU
		{737B208D-CDBB-492C-B10D-C4487E375644}.Release|Any CPU.ActiveCfg = Release|Any CPU
		{737B208D-CDBB-492C-B10D-C4487E375644}.Release|Any CPU.Build.0 = Release|Any CPU
		{4F681FA1-F072-4E76-A9F3-CE04B1CB5C80}.Debug|Any CPU.ActiveCfg = Debug|Any CPU
		{4F681FA1-F072-4E76-A9F3-CE04B1CB5C80}.Debug|Any CPU.Build.0 = Debug|Any CPU
		{4F681FA1-F072-4E76-A9F3-CE04B1CB5C80}.Release|Any CPU.ActiveCfg = Release|Any CPU
		{4F681FA1-F072-4E76-A9F3-CE04B1CB5C80}.Release|Any CPU.Build.0 = Release|Any CPU
		{45BA0999-DF72-4AD6-89A1-9E3B442F2F62}.Debug|Any CPU.ActiveCfg = Debug|Any CPU
		{45BA0999-DF72-4AD6-89A1-9E3B442F2F62}.Debug|Any CPU.Build.0 = Debug|Any CPU
		{45BA0999-DF72-4AD6-89A1-9E3B442F2F62}.Release|Any CPU.ActiveCfg = Release|Any CPU
		{45BA0999-DF72-4AD6-89A1-9E3B442F2F62}.Release|Any CPU.Build.0 = Release|Any CPU
		{175D4143-CAD0-4BFD-AB04-3D523D39BB5D}.Debug|Any CPU.ActiveCfg = Debug|Any CPU
		{175D4143-CAD0-4BFD-AB04-3D523D39BB5D}.Debug|Any CPU.Build.0 = Debug|Any CPU
		{175D4143-CAD0-4BFD-AB04-3D523D39BB5D}.Release|Any CPU.ActiveCfg = Release|Any CPU
		{175D4143-CAD0-4BFD-AB04-3D523D39BB5D}.Release|Any CPU.Build.0 = Release|Any CPU
	EndGlobalSection
	GlobalSection(SolutionProperties) = preSolution
		HideSolutionNode = FALSE
	EndGlobalSection
	GlobalSection(ExtensibilityGlobals) = postSolution
		SolutionGuid = {82B46681-9449-4F5D-8ECE-E1C25616F89B}
	EndGlobalSection
EndGlobal
